
Microsoft Visual Studio Solution File, Format Version 12.00
# Visual Studio Version 17
VisualStudioVersion = 17.2.32616.157
MinimumVisualStudioVersion = 10.0.40219.1
Project("{FAE04EC0-301F-11D3-BF4B-00C04F79EFBC}") = "Genesys Core API", "Genesys Core API.csproj", "{02E3A740-2DA7-4B6E-96A9-48DCFBFB3175}"
EndProject
Global
	GlobalSection(SolutionConfigurationPlatforms) = preSolution
		Debug|Any CPU = Debug|Any CPU
		Release|Any CPU = Release|Any CPU
	EndGlobalSection
	GlobalSection(ProjectConfigurationPlatforms) = postSolution
		{02E3A740-2DA7-4B6E-96A9-48DCFBFB3175}.Debug|Any CPU.ActiveCfg = Debug|Any CPU
		{02E3A740-2DA7-4B6E-96A9-48DCFBFB3175}.Debug|Any CPU.Build.0 = Debug|Any CPU
		{02E3A740-2DA7-4B6E-96A9-48DCFBFB3175}.Release|Any CPU.ActiveCfg = Release|Any CPU
		{02E3A740-2DA7-4B6E-96A9-48DCFBFB3175}.Release|Any CPU.Build.0 = Release|Any CPU
	EndGlobalSection
	GlobalSection(SolutionProperties) = preSolution
		HideSolutionNode = FALSE
	EndGlobalSection
	GlobalSection(ExtensibilityGlobals) = postSolution
		SolutionGuid = {03DB57F9-1D5B-44AC-B53F-7C6FCC09EDC7}
	EndGlobalSection
EndGlobal
